
Microsoft Visual Studio Solution File, Format Version 12.00
# Visual Studio Version 16
VisualStudioVersion = 16.0.29215.179
MinimumVisualStudioVersion = 10.0.40219.1
Project("{FAE04EC0-301F-11D3-BF4B-00C04F79EFBC}") = "webEval", "webEval\webEval.csproj", "{1FA726FC-58CE-481F-817C-5906B5DE986A}"
EndProject
Project("{FAE04EC0-301F-11D3-BF4B-00C04F79EFBC}") = "apiEval", "apiEval\apiEval.csproj", "{5F8CB26A-12CC-4F47-B18A-9C23072BFEF3}"
EndProject
Global
	GlobalSection(SolutionConfigurationPlatforms) = preSolution
		Debug|Any CPU = Debug|Any CPU
		Release|Any CPU = Release|Any CPU
	EndGlobalSection
	GlobalSection(ProjectConfigurationPlatforms) = postSolution
		{1FA726FC-58CE-481F-817C-5906B5DE986A}.Debug|Any CPU.ActiveCfg = Debug|Any CPU
		{1FA726FC-58CE-481F-817C-5906B5DE986A}.Debug|Any CPU.Build.0 = Debug|Any CPU
		{1FA726FC-58CE-481F-817C-5906B5DE986A}.Release|Any CPU.ActiveCfg = Release|Any CPU
		{1FA726FC-58CE-481F-817C-5906B5DE986A}.Release|Any CPU.Build.0 = Release|Any CPU
		{5F8CB26A-12CC-4F47-B18A-9C23072BFEF3}.Debug|Any CPU.ActiveCfg = Debug|Any CPU
		{5F8CB26A-12CC-4F47-B18A-9C23072BFEF3}.Debug|Any CPU.Build.0 = Debug|Any CPU
		{5F8CB26A-12CC-4F47-B18A-9C23072BFEF3}.Release|Any CPU.ActiveCfg = Release|Any CPU
		{5F8CB26A-12CC-4F47-B18A-9C23072BFEF3}.Release|Any CPU.Build.0 = Release|Any CPU
	EndGlobalSection
	GlobalSection(SolutionProperties) = preSolution
		HideSolutionNode = FALSE
	EndGlobalSection
	GlobalSection(ExtensibilityGlobals) = postSolution
		SolutionGuid = {F03E8121-20BC-4AE7-81E9-B560E6AF7A80}
	EndGlobalSection
EndGlobal
